
Microsoft Visual Studio Solution File, Format Version 12.00
# Visual Studio 15
VisualStudioVersion = 15.0.28307.572
MinimumVisualStudioVersion = 10.0.40219.1
Project("{FAE04EC0-301F-11D3-BF4B-00C04F79EFBC}") = "HelloWorldJenkins", "HelloWorldJenkins\HelloWorldJenkins.csproj", "{68DA408A-85A5-4131-8571-17605D14DD40}"
EndProject
Project("{FAE04EC0-301F-11D3-BF4B-00C04F79EFBC}") = "HelloJenkinsTest", "HelloJenkinsTest\HelloJenkinsTest.csproj", "{4E732E0D-C7CF-4CE2-BC2E-4A252D84C856}"
EndProject
Global
	GlobalSection(SolutionConfigurationPlatforms) = preSolution
		Debug|Any CPU = Debug|Any CPU
		Release|Any CPU = Release|Any CPU
	EndGlobalSection
	GlobalSection(ProjectConfigurationPlatforms) = postSolution
		{68DA408A-85A5-4131-8571-17605D14DD40}.Debug|Any CPU.ActiveCfg = Debug|Any CPU
		{68DA408A-85A5-4131-8571-17605D14DD40}.Debug|Any CPU.Build.0 = Debug|Any CPU
		{68DA408A-85A5-4131-8571-17605D14DD40}.Release|Any CPU.ActiveCfg = Release|Any CPU
		{68DA408A-85A5-4131-8571-17605D14DD40}.Release|Any CPU.Build.0 = Release|Any CPU
		{4E732E0D-C7CF-4CE2-BC2E-4A252D84C856}.Debug|Any CPU.ActiveCfg = Debug|Any CPU
		{4E732E0D-C7CF-4CE2-BC2E-4A252D84C856}.Debug|Any CPU.Build.0 = Debug|Any CPU
		{4E732E0D-C7CF-4CE2-BC2E-4A252D84C856}.Release|Any CPU.ActiveCfg = Release|Any CPU
		{4E732E0D-C7CF-4CE2-BC2E-4A252D84C856}.Release|Any CPU.Build.0 = Release|Any CPU
	EndGlobalSection
	GlobalSection(SolutionProperties) = preSolution
		HideSolutionNode = FALSE
	EndGlobalSection
	GlobalSection(ExtensibilityGlobals) = postSolution
		SolutionGuid = {14A5AE8F-CDE0-420D-B787-7E6E1DD39C95}
	EndGlobalSection
EndGlobal
